{
  "name": "cert-verify-example",
  "version": "1.0.0",
  "lockfileVersion": 1,
  "requires": true,
  "dependencies": {
    "asn1js": {
      "version": "2.0.21",
      "resolved": "https://registry.npmjs.org/asn1js/-/asn1js-2.0.21.tgz",
      "integrity": "sha512-yfRxOLyqiUvtn0pO7t//tdEet9ZWBWw5nrsHkdSfC5lLKOHYvhdPcULPD3KANSfGCOqHWXxndmOmXf0tZWjNPg==",
      "requires": {
        "pvutils": "^1.0.16"
      }
    },
    "bytestreamjs": {
      "version": "1.0.22",
      "resolved": "https://registry.npmjs.org/bytestreamjs/-/bytestreamjs-1.0.22.tgz",
      "integrity": "sha512-ePDrnnc/qY2WE2ZB974ydrdDPoxVXO8eM5SJxCPJkkfG36oBq1nNdma5Hae8SIo242DhGd+ZJDVBK/QLhs4TaA=="
    },
    "pkijs": {
      "version": "2.1.74",
      "resolved": "https://registry.npmjs.org/pkijs/-/pkijs-2.1.74.tgz",
      "integrity": "sha512-H8Tp0rYzfNAnt76kj0pPL4W6QuaRqqPhU/fp6/NJrlMjHruyaflNQF/El3k1Q5eP+QMHwA5c4YCwL37IE9IDqQ==",
      "requires": {
        "asn1js": "^2.0.21",
        "bytestreamjs": "^1.0.22",
        "pvutils": "^1.0.16"
      }
    },
    "pvutils": {
      "version": "1.0.16",
      "resolved": "https://registry.npmjs.org/pvutils/-/pvutils-1.0.16.tgz",
      "integrity": "sha512-+8C8cKbON+UH3GxGRdF0xHwiaVhq0+lsHcUgN/MZLCLtvcYhVP3fQPhrnkucK2v/RqRuq4pw1jjyF9PwW9f7mA=="
    }
  }
}
